
Microsoft Visual Studio Solution File, Format Version 12.00
# Visual Studio Version 16
VisualStudioVersion = 25.0.1705.4
MinimumVisualStudioVersion = 10.0.40219.1
Project("{FAE04EC0-301F-11D3-BF4B-00C04F79EFBC}") = "Alakoz", "Alakoz.csproj", "{0AF1EC51-1469-4A0A-85A1-B3CC205DF9C4}"
EndProject
Global
	GlobalSection(SolutionConfigurationPlatforms) = preSolution
		Debug|Any CPU = Debug|Any CPU
		Release|Any CPU = Release|Any CPU
	EndGlobalSection
	GlobalSection(ProjectConfigurationPlatforms) = postSolution
		{0AF1EC51-1469-4A0A-85A1-B3CC205DF9C4}.Debug|Any CPU.ActiveCfg = Debug|Any CPU
		{0AF1EC51-1469-4A0A-85A1-B3CC205DF9C4}.Debug|Any CPU.Build.0 = Debug|Any CPU
		{0AF1EC51-1469-4A0A-85A1-B3CC205DF9C4}.Release|Any CPU.ActiveCfg = Release|Any CPU
		{0AF1EC51-1469-4A0A-85A1-B3CC205DF9C4}.Release|Any CPU.Build.0 = Release|Any CPU
	EndGlobalSection
	GlobalSection(SolutionProperties) = preSolution
		HideSolutionNode = FALSE
	EndGlobalSection
	GlobalSection(ExtensibilityGlobals) = postSolution
		SolutionGuid = {09C54993-9D57-453B-B96A-EFA4DF27708F}
	EndGlobalSection
EndGlobal
